Microsoft Visual Studio Solution File, Format Version 11.00
# Visual Studio 2008

Project("{F492F464-4E8D-93C8-05CD-EAA304C2E5B9}") = "CollidingSleighController", "Assembly-CSharp-firstpass-vs.csproj", "{598D17EC-3C97-A13C-D2B4-7B388A6BCA92}"
EndProject
Project("{F492F464-4E8D-93C8-05CD-EAA304C2E5B9}") = "CollidingSleighController", "Assembly-CSharp-vs.csproj", "{7524A3BA-33EC-3C9D-063E-EB78D96699E3}"
EndProject
Project("{F492F464-4E8D-93C8-05CD-EAA304C2E5B9}") = "CollidingSleighController", "Assembly-CSharp-Editor-vs.csproj", "{EAFE25D0-6785-11C8-7459-0A5394B28F10}"
EndProject
Global
	GlobalSection(SolutionConfigurationPlatforms) = preSolution
		Debug|Any CPU = Debug|Any CPU
		Release|Any CPU = Release|Any CPU
	EndGlobalSection
	GlobalSection(ProjectConfigurationPlatforms) = postSolution
		{598D17EC-3C97-A13C-D2B4-7B388A6BCA92}.Debug|Any CPU.ActiveCfg = Debug|Any CPU
		{598D17EC-3C97-A13C-D2B4-7B388A6BCA92}.Debug|Any CPU.Build.0 = Debug|Any CPU
		{598D17EC-3C97-A13C-D2B4-7B388A6BCA92}.Release|Any CPU.ActiveCfg = Release|Any CPU
		{598D17EC-3C97-A13C-D2B4-7B388A6BCA92}.Release|Any CPU.Build.0 = Release|Any CPU
		{7524A3BA-33EC-3C9D-063E-EB78D96699E3}.Debug|Any CPU.ActiveCfg = Debug|Any CPU
		{7524A3BA-33EC-3C9D-063E-EB78D96699E3}.Debug|Any CPU.Build.0 = Debug|Any CPU
		{7524A3BA-33EC-3C9D-063E-EB78D96699E3}.Release|Any CPU.ActiveCfg = Release|Any CPU
		{7524A3BA-33EC-3C9D-063E-EB78D96699E3}.Release|Any CPU.Build.0 = Release|Any CPU
		{EAFE25D0-6785-11C8-7459-0A5394B28F10}.Debug|Any CPU.ActiveCfg = Debug|Any CPU
		{EAFE25D0-6785-11C8-7459-0A5394B28F10}.Debug|Any CPU.Build.0 = Debug|Any CPU
		{EAFE25D0-6785-11C8-7459-0A5394B28F10}.Release|Any CPU.ActiveCfg = Release|Any CPU
		{EAFE25D0-6785-11C8-7459-0A5394B28F10}.Release|Any CPU.Build.0 = Release|Any CPU
	EndGlobalSection
	GlobalSection(SolutionProperties) = preSolution
		HideSolutionNode = FALSE
	EndGlobalSection
																																																																											GlobalSection(MonoDevelopProperties) = preSolution
		StartupItem = Assembly-CSharp.csproj
		Policies = $0
		$0.TextStylePolicy = $1
		$1.inheritsSet = null
		$1.scope = text/x-csharp
		$0.CSharpFormattingPolicy = $2
		$2.inheritsSet = Mono
		$2.inheritsScope = text/x-csharp
		$2.scope = text/x-csharp
		$0.TextStylePolicy = $3
		$3.FileWidth = 120
		$3.TabWidth = 4
		$3.EolMarker = Unix
		$3.inheritsSet = Mono
		$3.inheritsScope = text/plain
		$3.scope = text/plain
	EndGlobalSection

EndGlobal
